
Microsoft Visual Studio Solution File, Format Version 12.00
# Visual Studio Version 17
VisualStudioVersion = 17.2.32616.157
MinimumVisualStudioVersion = 10.0.40219.1
Project("{9A19103F-16F7-4668-BE54-9A1E7A4F7556}") = "NationalBank.Api", "NationalBank.Api\NationalBank.Api.csproj", "{15C8818D-D07D-4593-8C13-D9FEC732A99A}"
EndProject
Project("{9A19103F-16F7-4668-BE54-9A1E7A4F7556}") = "NationalBank.BackEnd", "NationalBank.BackEnd\NationalBank.BackEnd.csproj", "{736AFFC0-DB2E-40FE-A617-E7C97F4FDAF1}"
EndProject
Project("{9A19103F-16F7-4668-BE54-9A1E7A4F7556}") = "NationalBank.FrontEnd", "NationalBank.FrontEnd\NationalBank.FrontEnd.csproj", "{6A41C1BB-CEAD-4073-88EF-7814822E4F77}"
EndProject
Project("{9A19103F-16F7-4668-BE54-9A1E7A4F7556}") = "NationalBank.UnitTest", "NationalBank.UnitTest\NationalBank.UnitTest.csproj", "{1FC1FDBD-DA78-47F6-83BA-8602B6A5485F}"
EndProject
Global
	GlobalSection(SolutionConfigurationPlatforms) = preSolution
		Debug|Any CPU = Debug|Any CPU
		Release|Any CPU = Release|Any CPU
	EndGlobalSection
	GlobalSection(ProjectConfigurationPlatforms) = postSolution
		{15C8818D-D07D-4593-8C13-D9FEC732A99A}.Debug|Any CPU.ActiveCfg = Debug|Any CPU
		{15C8818D-D07D-4593-8C13-D9FEC732A99A}.Debug|Any CPU.Build.0 = Debug|Any CPU
		{15C8818D-D07D-4593-8C13-D9FEC732A99A}.Release|Any CPU.ActiveCfg = Release|Any CPU
		{15C8818D-D07D-4593-8C13-D9FEC732A99A}.Release|Any CPU.Build.0 = Release|Any CPU
		{736AFFC0-DB2E-40FE-A617-E7C97F4FDAF1}.Debug|Any CPU.ActiveCfg = Debug|Any CPU
		{736AFFC0-DB2E-40FE-A617-E7C97F4FDAF1}.Debug|Any CPU.Build.0 = Debug|Any CPU
		{736AFFC0-DB2E-40FE-A617-E7C97F4FDAF1}.Release|Any CPU.ActiveCfg = Release|Any CPU
		{736AFFC0-DB2E-40FE-A617-E7C97F4FDAF1}.Release|Any CPU.Build.0 = Release|Any CPU
		{6A41C1BB-CEAD-4073-88EF-7814822E4F77}.Debug|Any CPU.ActiveCfg = Debug|Any CPU
		{6A41C1BB-CEAD-4073-88EF-7814822E4F77}.Debug|Any CPU.Build.0 = Debug|Any CPU
		{6A41C1BB-CEAD-4073-88EF-7814822E4F77}.Release|Any CPU.ActiveCfg = Release|Any CPU
		{6A41C1BB-CEAD-4073-88EF-7814822E4F77}.Release|Any CPU.Build.0 = Release|Any CPU
		{1FC1FDBD-DA78-47F6-83BA-8602B6A5485F}.Debug|Any CPU.ActiveCfg = Debug|Any CPU
		{1FC1FDBD-DA78-47F6-83BA-8602B6A5485F}.Debug|Any CPU.Build.0 = Debug|Any CPU
		{1FC1FDBD-DA78-47F6-83BA-8602B6A5485F}.Release|Any CPU.ActiveCfg = Release|Any CPU
		{1FC1FDBD-DA78-47F6-83BA-8602B6A5485F}.Release|Any CPU.Build.0 = Release|Any CPU
	EndGlobalSection
	GlobalSection(SolutionProperties) = preSolution
		HideSolutionNode = FALSE
	EndGlobalSection
	GlobalSection(ExtensibilityGlobals) = postSolution
		SolutionGuid = {4762ADC8-9D2F-4DAA-9930-A746E51047DF}
	EndGlobalSection
EndGlobal
